
Microsoft Visual Studio Solution File, Format Version 12.00
Project("{FAE04EC0-301F-11D3-BF4B-00C04F79EFBC}") = "SpookifyApi", "SpookifyApi.csproj", "{C8CA53A3-1DC7-4BDD-99DA-8E056A17DECB}"
EndProject
Global
	GlobalSection(SolutionConfigurationPlatforms) = preSolution
		Debug|Any CPU = Debug|Any CPU
		Release|Any CPU = Release|Any CPU
	EndGlobalSection
	GlobalSection(ProjectConfigurationPlatforms) = postSolution
		{C8CA53A3-1DC7-4BDD-99DA-8E056A17DECB}.Debug|Any CPU.ActiveCfg = Debug|Any CPU
		{C8CA53A3-1DC7-4BDD-99DA-8E056A17DECB}.Debug|Any CPU.Build.0 = Debug|Any CPU
		{C8CA53A3-1DC7-4BDD-99DA-8E056A17DECB}.Release|Any CPU.ActiveCfg = Release|Any CPU
		{C8CA53A3-1DC7-4BDD-99DA-8E056A17DECB}.Release|Any CPU.Build.0 = Release|Any CPU
	EndGlobalSection
EndGlobal
